Microsoft Visual Studio Solution File, Format Version 12.00
# Visual Studio Version 17
VisualStudioVersion = 17.5.2.0
MinimumVisualStudioVersion = 10.0.40219.1
Project("{FAE04EC0-301F-11D3-BF4B-00C04F79EFBC}") = "Pek.MDB", "Pek.MDB.csproj", "{509F03A7-7582-4BA1-4D49-60E05C64ECE0}"
EndProject
Global
	GlobalSection(SolutionConfigurationPlatforms) = preSolution
		Debug|Any CPU = Debug|Any CPU
		Release|Any CPU = Release|Any CPU
	EndGlobalSection
	GlobalSection(ProjectConfigurationPlatforms) = postSolution
		{509F03A7-7582-4BA1-4D49-60E05C64ECE0}.Debug|Any CPU.ActiveCfg = Debug|Any CPU
		{509F03A7-7582-4BA1-4D49-60E05C64ECE0}.Debug|Any CPU.Build.0 = Debug|Any CPU
		{509F03A7-7582-4BA1-4D49-60E05C64ECE0}.Release|Any CPU.ActiveCfg = Release|Any CPU
		{509F03A7-7582-4BA1-4D49-60E05C64ECE0}.Release|Any CPU.Build.0 = Release|Any CPU
	EndGlobalSection
	GlobalSection(SolutionProperties) = preSolution
		HideSolutionNode = FALSE
	EndGlobalSection
	GlobalSection(ExtensibilityGlobals) = postSolution
		SolutionGuid = {979B6CEB-CF4A-487E-ADC4-8E8E43829FBF}
	EndGlobalSection
EndGlobal
